# THIS IS AN AUTOGENERATED FILE. DO NOT EDIT THIS FILE DIRECTLY.
# yarn lockfile v1


crd-templates@^0.2.21:
  version "0.2.21"
  resolved "https://registry.npm.taobao.org/crd-templates/download/crd-templates-0.2.21.tgz#a07b5d98b1c3ba56699f987c46c075b83c5b20f9"
  integrity sha1-oHtdmLHDulZpn5h8RsB1uDxbIPk=
